// !$*UTF8*$!
{
	archiveVersion = 1;
	classes = {
	};
	objectVersion = 77;
	objects = {

/* Begin PBXContainerItemProxy section */
		5DAD80862E87EF120039C78F /* PBXContainerItemProxy */ = {
			isa = PBXContainerItemProxy;
			containerPortal = 5DAD80622E87EF110039C78F /* Project object */;
			proxyType = 1;
			remoteGlobalIDString = 5DAD80692E87EF110039C78F;
			remoteInfo = MyJournaliOSClient;
		};
		5DAD80902E87EF120039C78F /* PBXContainerItemProxy */ = {
			isa = PBXContainerItemProxy;
			containerPortal = 5DAD80622E87EF110039C78F /* Project object */;
			proxyType = 1;
			remoteGlobalIDString = 5DAD80692E87EF110039C78F;
			remoteInfo = MyJournaliOSClient;
		};
/* End PBXContainerItemProxy section */

/* Begin PBXFileReference section */
		5DAD806A2E87EF110039C78F /* MyJournaliOSClient.app */ = {isa = PBXFileReference; explicitFileType = wrapper.application; includeInIndex = 0; path = MyJournaliOSClient.app; sourceTree = BUILT_PRODUCTS_DIR; };
		5DAD80852E87EF120039C78F /* MyJournaliOSClientTests.xctest */ = {isa = PBXFileReference; explicitFileType = wrapper.cfbundle; includeInIndex = 0; path = MyJournaliOSClientTests.xctest; sourceTree = BUILT_PRODUCTS_DIR; };
		5DAD808F2E87EF120039C78F /* MyJournaliOSClientUITests.xctest */ = {isa = PBXFileReference; explicitFileType = wrapper.cfbundle; includeInIndex = 0; path = MyJournaliOSClientUITests.xctest; sourceTree = BUILT_PRODUCTS_DIR; };
/* End PBXFileReference section */

/* Begin PBXFileSystemSynchronizedBuildFileExceptionSet section */
		5DAD80972E87EF120039C78F /* Exceptions for "MyJournaliOSClient" folder in "MyJournaliOSClient" target */ = {
			isa = PBXFileSystemSynchronizedBuildFileExceptionSet;
			membershipExceptions = (
				Info.plist,
			);
			target = 5DAD80692E87EF110039C78F /* MyJournaliOSClient */;
		};
/* End PBXFileSystemSynchronizedBuildFileExceptionSet section */

/* Begin PBXFileSystemSynchronizedRootGroup section */
		5DAD806C2E87EF110039C78F /* MyJournaliOSClient */ = {
			isa = PBXFileSystemSynchronizedRootGroup;
			exceptions = (
				5DAD80972E87EF120039C78F /* Exceptions for "MyJournaliOSClient" folder in "MyJournaliOSClient" target */,
			);
			path = MyJournaliOSClient;
			sourceTree = "<group>";
		};
		5DAD80882E87EF120039C78F /* MyJournaliOSClientTests */ = {
			isa = PBXFileSystemSynchronizedRootGroup;
			path = MyJournaliOSClientTests;
			sourceTree = "<group>";
		};
		5DAD80922E87EF120039C78F /* MyJournaliOSClientUITests */ = {
			isa = PBXFileSystemSynchronizedRootGroup;
			path = MyJournaliOSClientUITests;
			sourceTree = "<group>";
		};
/* End PBXFileSystemSynchronizedRootGroup section */

/* Begin PBXFrameworksBuildPhase section */
		5DAD80672E87EF110039C78F /* Frameworks */ = {
			isa = PBXFrameworksBuildPhase;
			buildActionMask = 2147483647;
			files = (
			);
			runOnlyForDeploymentPostprocessing = 0;
		};
		5DAD80822E87EF120039C78F /* Frameworks */ = {
			isa = PBXFrameworksBuildPhase;
			buildActionMask = 2147483647;
			files = (
			);
			runOnlyForDeploymentPostprocessing = 0;
		};
		5DAD808C2E87EF120039C78F /* Frameworks */ = {
			isa = PBXFrameworksBuildPhase;
			buildActionMask = 2147483647;
			files = (
			);
			runOnlyForDeploymentPostprocessing = 0;
		};
/* End PBXFrameworksBuildPhase section */

/* Begin PBXGroup section */
		5DAD80612E87EF110039C78F = {
			isa = PBXGroup;
			children = (
				5DAD806C2E87EF110039C78F /* MyJournaliOSClient */,
				5DAD80882E87EF120039C78F /* MyJournaliOSClientTests */,
				5DAD80922E87EF120039C78F /* MyJournaliOSClientUITests */,
				5DAD806B2E87EF110039C78F /* Products */,
			);
			sourceTree = "<group>";
		};
		5DAD806B2E87EF110039C78F /* Products */ = {
			isa = PBXGroup;
			children = (
				5DAD806A2E87EF110039C78F /* MyJournaliOSClient.app */,
				5DAD80852E87EF120039C78F /* MyJournaliOSClientTests.xctest */,
				5DAD808F2E87EF120039C78F /* MyJournaliOSClientUITests.xctest */,
			);
			name = Products;
			sourceTree = "<group>";
		};
/* End PBXGroup section */

/* Begin PBXNativeTarget section */
		5DAD80692E87EF110039C78F /* MyJournaliOSClient */ = {
			isa = PBXNativeTarget;
			buildConfigurationList = 5DAD80982E87EF120039C78F /* Build configuration list for PBXNativeTarget "MyJournaliOSClient" */;
			buildPhases = (
				5DAD80662E87EF110039C78F /* Sources */,
				5DAD80672E87EF110039C78F /* Frameworks */,
				5DAD80682E87EF110039C78F /* Resources */,
			);
			buildRules = (
			);
			dependencies = (
			);
			fileSystemSynchronizedGroups = (
				5DAD806C2E87EF110039C78F /* MyJournaliOSClient */,
			);
			name = MyJournaliOSClient;
			packageProductDependencies = (
			);
			productName = MyJournaliOSClient;
			productReference = 5DAD806A2E87EF110039C78F /* MyJournaliOSClient.app */;
			productType = "com.apple.product-type.application";
		};
		5DAD80842E87EF120039C78F /* MyJournaliOSClientTests */ = {
			isa = PBXNativeTarget;
			buildConfigurationList = 5DAD809D2E87EF120039C78F /* Build configuration list for PBXNativeTarget "MyJournaliOSClientTests" */;
			buildPhases = (
				5DAD80812E87EF120039C78F /* Sources */,
				5DAD80822E87EF120039C78F /* Frameworks */,
				5DAD80832E87EF120039C78F /* Resources */,
			);
			buildRules = (
			);
			dependencies = (
				5DAD80872E87EF120039C78F /* PBXTargetDependency */,
			);
			fileSystemSynchronizedGroups = (
				5DAD80882E87EF120039C78F /* MyJournaliOSClientTests */,
			);
			name = MyJournaliOSClientTests;
			packageProductDependencies = (
			);
			productName = MyJournaliOSClientTests;
			productReference = 5DAD80852E87EF120039C78F /* MyJournaliOSClientTests.xctest */;
			productType = "com.apple.product-type.bundle.unit-test";
		};
		5DAD808E2E87EF120039C78F /* MyJournaliOSClientUITests */ = {
			isa = PBXNativeTarget;
			buildConfigurationList = 5DAD80A02E87EF120039C78F /* Build configuration list for PBXNativeTarget "MyJournaliOSClientUITests" */;
			buildPhases = (
				5DAD808B2E87EF120039C78F /* Sources */,
				5DAD808C2E87EF120039C78F /* Frameworks */,
				5DAD808D2E87EF120039C78F /* Resources */,
			);
			buildRules = (
			);
			dependencies = (
				5DAD80912E87EF120039C78F /* PBXTargetDependency */,
			);
			fileSystemSynchronizedGroups = (
				5DAD80922E87EF120039C78F /* MyJournaliOSClientUITests */,
			);
			name = MyJournaliOSClientUITests;
			packageProductDependencies = (
			);
			productName = MyJournaliOSClientUITests;
			productReference = 5DAD808F2E87EF120039C78F /* MyJournaliOSClientUITests.xctest */;
			productType = "com.apple.product-type.bundle.ui-testing";
		};
/* End PBXNativeTarget section */

/* Begin PBXProject section */
		5DAD80622E87EF110039C78F /* Project object */ = {
			isa = PBXProject;
			attributes = {
				BuildIndependentTargetsInParallel = 1;
				LastUpgradeCheck = 2600;
				TargetAttributes = {
					5DAD80692E87EF110039C78F = {
						CreatedOnToolsVersion = 26.0.1;
					};
					5DAD80842E87EF120039C78F = {
						CreatedOnToolsVersion = 26.0.1;
						TestTargetID = 5DAD80692E87EF110039C78F;
					};
					5DAD808E2E87EF120039C78F = {
						CreatedOnToolsVersion = 26.0.1;
						TestTargetID = 5DAD80692E87EF110039C78F;
					};
				};
			};
			buildConfigurationList = 5DAD80652E87EF110039C78F /* Build configuration list for PBXProject "MyJournaliOSClient" */;
			developmentRegion = en;
			hasScannedForEncodings = 0;
			knownRegions = (
				en,
				Base,
			);
			mainGroup = 5DAD80612E87EF110039C78F;
			minimizedProjectReferenceProxies = 1;
			preferredProjectObjectVersion = 77;
			productRefGroup = 5DAD806B2E87EF110039C78F /* Products */;
			projectDirPath = "";
			projectRoot = "";
			targets = (
				5DAD80692E87EF110039C78F /* MyJournaliOSClient */,
				5DAD80842E87EF120039C78F /* MyJournaliOSClientTests */,
				5DAD808E2E87EF120039C78F /* MyJournaliOSClientUITests */,
			);
		};
/* End PBXProject section */

/* Begin PBXResourcesBuildPhase section */
		5DAD80682E87EF110039C78F /* Resources */ = {
			isa = PBXResourcesBuildPhase;
			buildActionMask = 2147483647;
			files = (
			);
			runOnlyForDeploymentPostprocessing = 0;
		};
		5DAD80832E87EF120039C78F /* Resources */ = {
			isa = PBXResourcesBuildPhase;
			buildActionMask = 2147483647;
			files = (
			);
			runOnlyForDeploymentPostprocessing = 0;
		};
		5DAD808D2E87EF120039C78F /* Resources */ = {
			isa = PBXResourcesBuildPhase;
			buildActionMask = 2147483647;
			files = (
			);
			runOnlyForDeploymentPostprocessing = 0;
		};
/* End PBXResourcesBuildPhase section */

/* Begin PBXSourcesBuildPhase section */
		5DAD80662E87EF110039C78F /* Sources */ = {
			isa = PBXSourcesBuildPhase;
			buildActionMask = 2147483647;
			files = (
			);
			runOnlyForDeploymentPostprocessing = 0;
		};
		5DAD80812E87EF120039C78F /* Sources */ = {
			isa = PBXSourcesBuildPhase;
			buildActionMask = 2147483647;
			files = (
			);
			runOnlyForDeploymentPostprocessing = 0;
		};
		5DAD808B2E87EF120039C78F /* Sources */ = {
			isa = PBXSourcesBuildPhase;
			buildActionMask = 2147483647;
			files = (
			);
			runOnlyForDeploymentPostprocessing = 0;
		};
/* End PBXSourcesBuildPhase section */

/* Begin PBXTargetDependency section */
		5DAD80872E87EF120039C78F /* PBXTargetDependency */ = {
			isa = PBXTargetDependency;
			target = 5DAD80692E87EF110039C78F /* MyJournaliOSClient */;
			targetProxy = 5DAD80862E87EF120039C78F /* PBXContainerItemProxy */;
		};
		5DAD80912E87EF120039C78F /* PBXTargetDependency */ = {
			isa = PBXTargetDependency;
			target = 5DAD80692E87EF110039C78F /* MyJournaliOSClient */;
			targetProxy = 5DAD80902E87EF120039C78F /* PBXContainerItemProxy */;
		};
/* End PBXTargetDependency section */

/* Begin XCBuildConfiguration section */
		5DAD80992E87EF120039C78F /* Debug */ = {
			isa = XCBuildConfiguration;
			buildSettings = {
				ASSETCATALOG_COMPILER_APPICON_NAME = AppIcon;
				ASSETCATALOG_COMPILER_GLOBAL_ACCENT_COLOR_NAME = AccentColor;
				CODE_SIGN_STYLE = Automatic;
				CURRENT_PROJECT_VERSION = 1;
				DEVELOPMENT_TEAM = 7FCTC6DRE7;
				GENERATE_INFOPLIST_FILE = YES;
				INFOPLIST_FILE = MyJournaliOSClient/Info.plist;
				INFOPLIST_KEY_UIApplicationSupportsIndirectInputEvents = YES;
				INFOPLIST_KEY_UILaunchStoryboardName = LaunchScreen;
				INFOPLIST_KEY_UIMainStoryboardFile = Main;
				INFOPLIST_KEY_UISupportedInterfaceOrientations_iPad = "UIInterfaceOrientationPortrait UIInterfaceOrientationPortraitUpsideDown UIInterfaceOrientationLandscapeLeft UIInterfaceOrientationLandscapeRight";
				INFOPLIST_KEY_UISupportedInterfaceOrientations_iPhone = "UIInterfaceOrientationPortrait UIInterfaceOrientationLandscapeLeft UIInterfaceOrientationLandscapeRight";
				LD_RUNPATH_SEARCH_PATHS = (
					"$(inherited)",
					"@executable_path/Frameworks",
				);
				MARKETING_VERSION = 1.0;
				PRODUCT_BUNDLE_IDENTIFIER = com.azizbekasadov.MyJournaliOSClient;
				PRODUCT_NAME = "$(TARGET_NAME)";
				STRING_CATALOG_GENERATE_SYMBOLS = YES;
				SWIFT_EMIT_LOC_STRINGS = YES;
				TARGETED_DEVICE_FAMILY = "1,2";
			};
			name = Debug;
		};
		5DAD809A2E87EF120039C78F /* Release */ = {
			isa = XCBuildConfiguration;
			buildSettings = {
				ASSETCATALOG_COMPILER_APPICON_NAME = AppIcon;
				ASSETCATALOG_COMPILER_GLOBAL_ACCENT_COLOR_NAME = AccentColor;
				CODE_SIGN_STYLE = Automatic;
				CURRENT_PROJECT_VERSION = 1;
				DEVELOPMENT_TEAM = 7FCTC6DRE7;
				GENERATE_INFOPLIST_FILE = YES;
				INFOPLIST_FILE = MyJournaliOSClient/Info.plist;
				INFOPLIST_KEY_UIApplicationSupportsIndirectInputEvents = YES;
				INFOPLIST_KEY_UILaunchStoryboardName = LaunchScreen;
				INFOPLIST_KEY_UIMainStoryboardFile = Main;
				INFOPLIST_KEY_UISupportedInterfaceOrientations_iPad = "UIInterfaceOrientationPortrait UIInterfaceOrientationPortraitUpsideDown UIInterfaceOrientationLandscapeLeft UIInterfaceOrientationLandscapeRight";
				INFOPLIST_KEY_UISupportedInterfaceOrientations_iPhone = "UIInterfaceOrientationPortrait UIInterfaceOrientationLandscapeLeft UIInterfaceOrientationLandscapeRight";
				LD_RUNPATH_SEARCH_PATHS = (
					"$(inherited)",
					"@executable_path/Frameworks",
				);
				MARKETING_VERSION = 1.0;
				PRODUCT_BUNDLE_IDENTIFIER = com.azizbekasadov.MyJournaliOSClient;
				PRODUCT_NAME = "$(TARGET_NAME)";
				STRING_CATALOG_GENERATE_SYMBOLS = YES;
				SWIFT_EMIT_LOC_STRINGS = YES;
				TARGETED_DEVICE_FAMILY = "1,2";
			};
			name = Release;
		};
		5DAD809B2E87EF120039C78F /* Debug */ = {
			isa = XCBuildConfiguration;
			buildSettings = {
				ALWAYS_SEARCH_USER_PATHS = NO;
				ASSETCATALOG_COMPILER_GENERATE_SWIFT_ASSET_SYMBOL_EXTENSIONS = YES;
				CLANG_ANALYZER_NONNULL = YES;
				CLANG_ANALYZER_NUMBER_OBJECT_CONVERSION = YES_AGGRESSIVE;
				CLANG_CXX_LANGUAGE_STANDARD = "gnu++20";
				CLANG_ENABLE_MODULES = YES;
				CLANG_ENABLE_OBJC_ARC = YES;
				CLANG_ENABLE_OBJC_WEAK = YES;
				CLANG_WARN_BLOCK_CAPTURE_AUTORELEASING = YES;
				CLANG_WARN_BOOL_CONVERSION = YES;
				CLANG_WARN_COMMA = YES;
				CLANG_WARN_CONSTANT_CONVERSION = YES;
				CLANG_WARN_DEPRECATED_OBJC_IMPLEMENTATIONS = YES;
				CLANG_WARN_DIRECT_OBJC_ISA_USAGE = YES_ERROR;
				CLANG_WARN_DOCUMENTATION_COMMENTS = YES;
				CLANG_WARN_EMPTY_BODY = YES;
				CLANG_WARN_ENUM_CONVERSION = YES;
				CLANG_WARN_INFINITE_RECURSION = YES;
				CLANG_WARN_INT_CONVERSION = YES;
				CLANG_WARN_NON_LITERAL_NULL_CONVERSION = YES;
				CLANG_WARN_OBJC_IMPLICIT_RETAIN_SELF = YES;
				CLANG_WARN_OBJC_LITERAL_CONVERSION = YES;
				CLANG_WARN_OBJC_ROOT_CLASS = YES_ERROR;
				CLANG_WARN_QUOTED_INCLUDE_IN_FRAMEWORK_HEADER = YES;
				CLANG_WARN_RANGE_LOOP_ANALYSIS = YES;
				CLANG_WARN_STRICT_PROTOTYPES = YES;
				CLANG_WARN_SUSPICIOUS_MOVE = YES;
				CLANG_WARN_UNGUARDED_AVAILABILITY = YES_AGGRESSIVE;
				CLANG_WARN_UNREACHABLE_CODE = YES;
				CLANG_WARN__DUPLICATE_METHOD_MATCH = YES;
				COPY_PHASE_STRIP = NO;
				DEBUG_INFORMATION_FORMAT = dwarf;
				DEVELOPMENT_TEAM = 7FCTC6DRE7;
				ENABLE_STRICT_OBJC_MSGSEND = YES;
				ENABLE_TESTABILITY = YES;
				ENABLE_USER_SCRIPT_SANDBOXING = YES;
				GCC_C_LANGUAGE_STANDARD = gnu17;
				GCC_DYNAMIC_NO_PIC = NO;
				GCC_NO_COMMON_BLOCKS = YES;
				GCC_OPTIMIZATION_LEVEL = 0;
				GCC_PREPROCESSOR_DEFINITIONS = (
					"DEBUG=1",
					"$(inherited)",
				);
				GCC_WARN_64_TO_32_BIT_CONVERSION = YES;
				GCC_WARN_ABOUT_RETURN_TYPE = YES_ERROR;
				GCC_WARN_UNDECLARED_SELECTOR = YES;
				GCC_WARN_UNINITIALIZED_AUTOS = YES_AGGRESSIVE;
				GCC_WARN_UNUSED_FUNCTION = YES;
				GCC_WARN_UNUSED_VARIABLE = YES;
				IPHONEOS_DEPLOYMENT_TARGET = 26.0;
				LOCALIZATION_PREFERS_STRING_CATALOGS = YES;
				MTL_ENABLE_DEBUG_INFO = INCLUDE_SOURCE;
				MTL_FAST_MATH = YES;
				ONLY_ACTIVE_ARCH = YES;
				SDKROOT = iphoneos;
			};
			name = Debug;
		};
		5DAD809C2E87EF120039C78F /* Release */ = {
			isa = XCBuildConfiguration;
			buildSettings = {
				ALWAYS_SEARCH_USER_PATHS = NO;
				ASSETCATALOG_COMPILER_GENERATE_SWIFT_ASSET_SYMBOL_EXTENSIONS = YES;
				CLANG_ANALYZER_NONNULL = YES;
				CLANG_ANALYZER_NUMBER_OBJECT_CONVERSION = YES_AGGRESSIVE;
				CLANG_CXX_LANGUAGE_STANDARD = "gnu++20";
				CLANG_ENABLE_MODULES = YES;
				CLANG_ENABLE_OBJC_ARC = YES;
				CLANG_ENABLE_OBJC_WEAK = YES;
				CLANG_WARN_BLOCK_CAPTURE_AUTORELEASING = YES;
				CLANG_WARN_BOOL_CONVERSION = YES;
				CLANG_WARN_COMMA = YES;
				CLANG_WARN_CONSTANT_CONVERSION = YES;
				CLANG_WARN_DEPRECATED_OBJC_IMPLEMENTATIONS = YES;
				CLANG_WARN_DIRECT_OBJC_ISA_USAGE = YES_ERROR;
				CLANG_WARN_DOCUMENTATION_COMMENTS = YES;
				CLANG_WARN_EMPTY_BODY = YES;
				CLANG_WARN_ENUM_CONVERSION = YES;
				CLANG_WARN_INFINITE_RECURSION = YES;
				CLANG_WARN_INT_CONVERSION = YES;
				CLANG_WARN_NON_LITERAL_NULL_CONVERSION = YES;
				CLANG_WARN_OBJC_IMPLICIT_RETAIN_SELF = YES;
				CLANG_WARN_OBJC_LITERAL_CONVERSION = YES;
				CLANG_WARN_OBJC_ROOT_CLASS = YES_ERROR;
				CLANG_WARN_QUOTED_INCLUDE_IN_FRAMEWORK_HEADER = YES;
				CLANG_WARN_RANGE_LOOP_ANALYSIS = YES;
				CLANG_WARN_STRICT_PROTOTYPES = YES;
				CLANG_WARN_SUSPICIOUS_MOVE = YES;
				CLANG_WARN_UNGUARDED_AVAILABILITY = YES_AGGRESSIVE;
				CLANG_WARN_UNREACHABLE_CODE = YES;
				CLANG_WARN__DUPLICATE_METHOD_MATCH = YES;
				COPY_PHASE_STRIP = NO;
				DEBUG_INFORMATION_FORMAT = "dwarf-with-dsym";
				DEVELOPMENT_TEAM = 7FCTC6DRE7;
				ENABLE_NS_ASSERTIONS = NO;
				ENABLE_STRICT_OBJC_MSGSEND = YES;
				ENABLE_USER_SCRIPT_SANDBOXING = YES;
				GCC_C_LANGUAGE_STANDARD = gnu17;
				GCC_NO_COMMON_BLOCKS = YES;
				GCC_WARN_64_TO_32_BIT_CONVERSION = YES;
				GCC_WARN_ABOUT_RETURN_TYPE = YES_ERROR;
				GCC_WARN_UNDECLARED_SELECTOR = YES;
				GCC_WARN_UNINITIALIZED_AUTOS = YES_AGGRESSIVE;
				GCC_WARN_UNUSED_FUNCTION = YES;
				GCC_WARN_UNUSED_VARIABLE = YES;
				IPHONEOS_DEPLOYMENT_TARGET = 26.0;
				LOCALIZATION_PREFERS_STRING_CATALOGS = YES;
				MTL_ENABLE_DEBUG_INFO = NO;
				MTL_FAST_MATH = YES;
				SDKROOT = iphoneos;
				VALIDATE_PRODUCT = YES;
			};
			name = Release;
		};
		5DAD809E2E87EF120039C78F /* Debug */ = {
			isa = XCBuildConfiguration;
			buildSettings = {
				BUNDLE_LOADER = "$(TEST_HOST)";
				CODE_SIGN_STYLE = Automatic;
				CURRENT_PROJECT_VERSION = 1;
				DEVELOPMENT_TEAM = 7FCTC6DRE7;
				GENERATE_INFOPLIST_FILE = YES;
				IPHONEOS_DEPLOYMENT_TARGET = 26.0;
				MARKETING_VERSION = 1.0;
				PRODUCT_BUNDLE_IDENTIFIER = com.azizbekasadov.MyJournaliOSClientTests;
				PRODUCT_NAME = "$(TARGET_NAME)";
				STRING_CATALOG_GENERATE_SYMBOLS = NO;
				SWIFT_EMIT_LOC_STRINGS = NO;
				TARGETED_DEVICE_FAMILY = "1,2";
				TEST_HOST = "$(BUILT_PRODUCTS_DIR)/MyJournaliOSClient.app/$(BUNDLE_EXECUTABLE_FOLDER_PATH)/MyJournaliOSClient";
			};
			name = Debug;
		};
		5DAD809F2E87EF120039C78F /* Release */ = {
			isa = XCBuildConfiguration;
			buildSettings = {
				BUNDLE_LOADER = "$(TEST_HOST)";
				CODE_SIGN_STYLE = Automatic;
				CURRENT_PROJECT_VERSION = 1;
				DEVELOPMENT_TEAM = 7FCTC6DRE7;
				GENERATE_INFOPLIST_FILE = YES;
				IPHONEOS_DEPLOYMENT_TARGET = 26.0;
				MARKETING_VERSION = 1.0;
				PRODUCT_BUNDLE_IDENTIFIER = com.azizbekasadov.MyJournaliOSClientTests;
				PRODUCT_NAME = "$(TARGET_NAME)";
				STRING_CATALOG_GENERATE_SYMBOLS = NO;
				SWIFT_EMIT_LOC_STRINGS = NO;
				TARGETED_DEVICE_FAMILY = "1,2";
				TEST_HOST = "$(BUILT_PRODUCTS_DIR)/MyJournaliOSClient.app/$(BUNDLE_EXECUTABLE_FOLDER_PATH)/MyJournaliOSClient";
			};
			name = Release;
		};
		5DAD80A12E87EF120039C78F /* Debug */ = {
			isa = XCBuildConfiguration;
			buildSettings = {
				CODE_SIGN_STYLE = Automatic;
				CURRENT_PROJECT_VERSION = 1;
				DEVELOPMENT_TEAM = 7FCTC6DRE7;
				GENERATE_INFOPLIST_FILE = YES;
				MARKETING_VERSION = 1.0;
				PRODUCT_BUNDLE_IDENTIFIER = com.azizbekasadov.MyJournaliOSClientUITests;
				PRODUCT_NAME = "$(TARGET_NAME)";
				STRING_CATALOG_GENERATE_SYMBOLS = NO;
				SWIFT_EMIT_LOC_STRINGS = NO;
				TARGETED_DEVICE_FAMILY = "1,2";
				TEST_TARGET_NAME = MyJournaliOSClient;
			};
			name = Debug;
		};
		5DAD80A22E87EF120039C78F /* Release */ = {
			isa = XCBuildConfiguration;
			buildSettings = {
				CODE_SIGN_STYLE = Automatic;
				CURRENT_PROJECT_VERSION = 1;
				DEVELOPMENT_TEAM = 7FCTC6DRE7;
				GENERATE_INFOPLIST_FILE = YES;
				MARKETING_VERSION = 1.0;
				PRODUCT_BUNDLE_IDENTIFIER = com.azizbekasadov.MyJournaliOSClientUITests;
				PRODUCT_NAME = "$(TARGET_NAME)";
				STRING_CATALOG_GENERATE_SYMBOLS = NO;
				SWIFT_EMIT_LOC_STRINGS = NO;
				TARGETED_DEVICE_FAMILY = "1,2";
				TEST_TARGET_NAME = MyJournaliOSClient;
			};
			name = Release;
		};
/* End XCBuildConfiguration section */

/* Begin XCConfigurationList section */
		5DAD80652E87EF110039C78F /* Build configuration list for PBXProject "MyJournaliOSClient" */ = {
			isa = XCConfigurationList;
			buildConfigurations = (
				5DAD809B2E87EF120039C78F /* Debug */,
				5DAD809C2E87EF120039C78F /* Release */,
			);
			defaultConfigurationIsVisible = 0;
			defaultConfigurationName = Release;
		};
		5DAD80982E87EF120039C78F /* Build configuration list for PBXNativeTarget "MyJournaliOSClient" */ = {
			isa = XCConfigurationList;
			buildConfigurations = (
				5DAD80992E87EF120039C78F /* Debug */,
				5DAD809A2E87EF120039C78F /* Release */,
			);
			defaultConfigurationIsVisible = 0;
			defaultConfigurationName = Release;
		};
		5DAD809D2E87EF120039C78F /* Build configuration list for PBXNativeTarget "MyJournaliOSClientTests" */ = {
			isa = XCConfigurationList;
			buildConfigurations = (
				5DAD809E2E87EF120039C78F /* Debug */,
				5DAD809F2E87EF120039C78F /* Release */,
			);
			defaultConfigurationIsVisible = 0;
			defaultConfigurationName = Release;
		};
		5DAD80A02E87EF120039C78F /* Build configuration list for PBXNativeTarget "MyJournaliOSClientUITests" */ = {
			isa = XCConfigurationList;
			buildConfigurations = (
				5DAD80A12E87EF120039C78F /* Debug */,
				5DAD80A22E87EF120039C78F /* Release */,
			);
			defaultConfigurationIsVisible = 0;
			defaultConfigurationName = Release;
		};
/* End XCConfigurationList section */
	};
	rootObject = 5DAD80622E87EF110039C78F /* Project object */;
}
